// !$*UTF8*$!
{
	archiveVersion = 1;
	classes = {
	};
	objectVersion = 50;
	objects = {

/* Begin PBXBuildFile section */
		A909A83726D547D4009DCDA3 /* libtls.a in Frameworks */ = {isa = PBXBuildFile; fileRef = A909A83626D547D4009DCDA3 /* libtls.a */; };
		A922688125DCEBB00082A61F /* linenoise.c in Sources */ = {isa = PBXBuildFile; fileRef = A922687F25DCEBB00082A61F /* linenoise.c */; settings = {COMPILER_FLAGS = "-w"; }; };
		A94F56CD2614633200DB86A3 /* lz4.c in Sources */ = {isa = PBXBuildFile; fileRef = A94F56CB2614633200DB86A3 /* lz4.c */; };
		A95B316025D284E600F9E1F8 /* main.c in Sources */ = {isa = PBXBuildFile; fileRef = A95B315F25D284E600F9E1F8 /* main.c */; };
		A95B316425D284F000F9E1F8 /* sqcloud.c in Sources */ = {isa = PBXBuildFile; fileRef = A95B316325D284F000F9E1F8 /* sqcloud.c */; };
/* End PBXBuildFile section */

/* Begin PBXCopyFilesBuildPhase section */
		A972156325D1322500A207F8 /* CopyFiles */ = {
			isa = PBXCopyFilesBuildPhase;
			buildActionMask = 2147483647;
			dstPath = /usr/share/man/man1/;
			dstSubfolderSpec = 0;
			files = (
			);
			runOnlyForDeploymentPostprocessing = 1;
		};
/* End PBXCopyFilesBuildPhase section */

/* Begin PBXFileReference section */
		A909A83626D547D4009DCDA3 /* libtls.a */ = {isa = PBXFileReference; lastKnownFileType = archive.ar; name = libtls.a; path = ../SSL/macos_fat/libtls.a; sourceTree = "<group>"; };
		A922687F25DCEBB00082A61F /* linenoise.c */ = {isa = PBXFileReference; fileEncoding = 4; lastKnownFileType = sourcecode.c.c; path = linenoise.c; sourceTree = "<group>"; };
		A922688025DCEBB00082A61F /* linenoise.h */ = {isa = PBXFileReference; fileEncoding = 4; lastKnownFileType = sourcecode.c.h; path = linenoise.h; sourceTree = "<group>"; };
		A94F56CB2614633200DB86A3 /* lz4.c */ = {isa = PBXFileReference; fileEncoding = 4; lastKnownFileType = sourcecode.c.c; name = lz4.c; path = ../lz4.c; sourceTree = "<group>"; };
		A94F56CC2614633200DB86A3 /* lz4.h */ = {isa = PBXFileReference; fileEncoding = 4; lastKnownFileType = sourcecode.c.h; name = lz4.h; path = ../lz4.h; sourceTree = "<group>"; };
		A95B315F25D284E600F9E1F8 /* main.c */ = {isa = PBXFileReference; fileEncoding = 4; lastKnownFileType = sourcecode.c.c; path = main.c; sourceTree = "<group>"; };
		A95B316225D284F000F9E1F8 /* sqcloud.h */ = {isa = PBXFileReference; fileEncoding = 4; lastKnownFileType = sourcecode.c.h; name = sqcloud.h; path = ../sqcloud.h; sourceTree = "<group>"; };
		A95B316325D284F000F9E1F8 /* sqcloud.c */ = {isa = PBXFileReference; fileEncoding = 4; lastKnownFileType = sourcecode.c.c; name = sqcloud.c; path = ../sqcloud.c; sourceTree = "<group>"; };
		A972156525D1322500A207F8 /* sqlitecloud-cli */ = {isa = PBXFileReference; explicitFileType = "compiled.mach-o.executable"; includeInIndex = 0; path = "sqlitecloud-cli"; sourceTree = BUILT_PRODUCTS_DIR; };
/* End PBXFileReference section */

/* Begin PBXFrameworksBuildPhase section */
		A972156225D1322500A207F8 /* Frameworks */ = {
			isa = PBXFrameworksBuildPhase;
			buildActionMask = 2147483647;
			files = (
				A909A83726D547D4009DCDA3 /* libtls.a in Frameworks */,
			);
			runOnlyForDeploymentPostprocessing = 0;
		};
/* End PBXFrameworksBuildPhase section */

/* Begin PBXGroup section */
		A95B315E25D284DD00F9E1F8 /* Sources */ = {
			isa = PBXGroup;
			children = (
				A95B315F25D284E600F9E1F8 /* main.c */,
				A922687F25DCEBB00082A61F /* linenoise.c */,
				A922688025DCEBB00082A61F /* linenoise.h */,
				A95B316325D284F000F9E1F8 /* sqcloud.c */,
				A95B316225D284F000F9E1F8 /* sqcloud.h */,
				A94F56CB2614633200DB86A3 /* lz4.c */,
				A94F56CC2614633200DB86A3 /* lz4.h */,
				A909A83626D547D4009DCDA3 /* libtls.a */,
			);
			name = Sources;
			sourceTree = "<group>";
		};
		A972155C25D1322500A207F8 = {
			isa = PBXGroup;
			children = (
				A95B315E25D284DD00F9E1F8 /* Sources */,
				A972156625D1322500A207F8 /* Products */,
			);
			sourceTree = "<group>";
		};
		A972156625D1322500A207F8 /* Products */ = {
			isa = PBXGroup;
			children = (
				A972156525D1322500A207F8 /* sqlitecloud-cli */,
			);
			name = Products;
			sourceTree = "<group>";
		};
/* End PBXGroup section */

/* Begin PBXNativeTarget section */
		A972156425D1322500A207F8 /* sqlitecloud-cli */ = {
			isa = PBXNativeTarget;
			buildConfigurationList = A972156C25D1322500A207F8 /* Build configuration list for PBXNativeTarget "sqlitecloud-cli" */;
			buildPhases = (
				A972156125D1322500A207F8 /* Sources */,
				A972156225D1322500A207F8 /* Frameworks */,
				A972156325D1322500A207F8 /* CopyFiles */,
			);
			buildRules = (
			);
			dependencies = (
			);
			name = "sqlitecloud-cli";
			productName = "sqlitecloud-cli";
			productReference = A972156525D1322500A207F8 /* sqlitecloud-cli */;
			productType = "com.apple.product-type.tool";
		};
/* End PBXNativeTarget section */

/* Begin PBXProject section */
		A972155D25D1322500A207F8 /* Project object */ = {
			isa = PBXProject;
			attributes = {
				LastUpgradeCheck = 1400;
				TargetAttributes = {
					A972156425D1322500A207F8 = {
						CreatedOnToolsVersion = 12.4;
					};
				};
			};
			buildConfigurationList = A972156025D1322500A207F8 /* Build configuration list for PBXProject "sqlitecloud-cli" */;
			compatibilityVersion = "Xcode 9.3";
			developmentRegion = en;
			hasScannedForEncodings = 0;
			knownRegions = (
				en,
				Base,
			);
			mainGroup = A972155C25D1322500A207F8;
			productRefGroup = A972156625D1322500A207F8 /* Products */;
			projectDirPath = "";
			projectRoot = "";
			targets = (
				A972156425D1322500A207F8 /* sqlitecloud-cli */,
			);
		};
/* End PBXProject section */

/* Begin PBXSourcesBuildPhase section */
		A972156125D1322500A207F8 /* Sources */ = {
			isa = PBXSourcesBuildPhase;
			buildActionMask = 2147483647;
			files = (
				A94F56CD2614633200DB86A3 /* lz4.c in Sources */,
				A922688125DCEBB00082A61F /* linenoise.c in Sources */,
				A95B316025D284E600F9E1F8 /* main.c in Sources */,
				A95B316425D284F000F9E1F8 /* sqcloud.c in Sources */,
			);
			runOnlyForDeploymentPostprocessing = 0;
		};
/* End PBXSourcesBuildPhase section */

/* Begin XCBuildConfiguration section */
		A972156A25D1322500A207F8 /* Debug */ = {
			isa = XCBuildConfiguration;
			buildSettings = {
				ALWAYS_SEARCH_USER_PATHS = NO;
				CLANG_ANALYZER_NONNULL = YES;
				CLANG_ANALYZER_NUMBER_OBJECT_CONVERSION = YES_AGGRESSIVE;
				CLANG_CXX_LANGUAGE_STANDARD = "gnu++14";
				CLANG_CXX_LIBRARY = "libc++";
				CLANG_ENABLE_MODULES = YES;
				CLANG_ENABLE_OBJC_ARC = YES;
				CLANG_ENABLE_OBJC_WEAK = YES;
				CLANG_WARN_BLOCK_CAPTURE_AUTORELEASING = YES;
				CLANG_WARN_BOOL_CONVERSION = YES;
				CLANG_WARN_COMMA = YES;
				CLANG_WARN_CONSTANT_CONVERSION = YES;
				CLANG_WARN_DEPRECATED_OBJC_IMPLEMENTATIONS = YES;
				CLANG_WARN_DIRECT_OBJC_ISA_USAGE = YES_ERROR;
				CLANG_WARN_DOCUMENTATION_COMMENTS = YES;
				CLANG_WARN_EMPTY_BODY = YES;
				CLANG_WARN_ENUM_CONVERSION = YES;
				CLANG_WARN_INFINITE_RECURSION = YES;
				CLANG_WARN_INT_CONVERSION = YES;
				CLANG_WARN_NON_LITERAL_NULL_CONVERSION = YES;
				CLANG_WARN_OBJC_IMPLICIT_RETAIN_SELF = YES;
				CLANG_WARN_OBJC_LITERAL_CONVERSION = YES;
				CLANG_WARN_OBJC_ROOT_CLASS = YES_ERROR;
				CLANG_WARN_QUOTED_INCLUDE_IN_FRAMEWORK_HEADER = YES;
				CLANG_WARN_RANGE_LOOP_ANALYSIS = YES;
				CLANG_WARN_STRICT_PROTOTYPES = YES;
				CLANG_WARN_SUSPICIOUS_MOVE = YES;
				CLANG_WARN_UNGUARDED_AVAILABILITY = YES_AGGRESSIVE;
				CLANG_WARN_UNREACHABLE_CODE = YES;
				CLANG_WARN__DUPLICATE_METHOD_MATCH = YES;
				COPY_PHASE_STRIP = NO;
				DEAD_CODE_STRIPPING = YES;
				DEBUG_INFORMATION_FORMAT = dwarf;
				ENABLE_STRICT_OBJC_MSGSEND = YES;
				ENABLE_TESTABILITY = YES;
				GCC_C_LANGUAGE_STANDARD = gnu11;
				GCC_DYNAMIC_NO_PIC = NO;
				GCC_NO_COMMON_BLOCKS = YES;
				GCC_OPTIMIZATION_LEVEL = 0;
				GCC_PREPROCESSOR_DEFINITIONS = (
					"DEBUG=1",
					"$(inherited)",
				);
				GCC_WARN_64_TO_32_BIT_CONVERSION = YES;
				GCC_WARN_ABOUT_RETURN_TYPE = YES_ERROR;
				GCC_WARN_UNDECLARED_SELECTOR = YES;
				GCC_WARN_UNINITIALIZED_AUTOS = YES_AGGRESSIVE;
				GCC_WARN_UNUSED_FUNCTION = YES;
				GCC_WARN_UNUSED_VARIABLE = YES;
				MACOSX_DEPLOYMENT_TARGET = 11.1;
				MTL_ENABLE_DEBUG_INFO = INCLUDE_SOURCE;
				MTL_FAST_MATH = YES;
				ONLY_ACTIVE_ARCH = YES;
				SDKROOT = macosx;
			};
			name = Debug;
		};
		A972156B25D1322500A207F8 /* Release */ = {
			isa = XCBuildConfiguration;
			buildSettings = {
				ALWAYS_SEARCH_USER_PATHS = NO;
				CLANG_ANALYZER_NONNULL = YES;
				CLANG_ANALYZER_NUMBER_OBJECT_CONVERSION = YES_AGGRESSIVE;
				CLANG_CXX_LANGUAGE_STANDARD = "gnu++14";
				CLANG_CXX_LIBRARY = "libc++";
				CLANG_ENABLE_MODULES = YES;
				CLANG_ENABLE_OBJC_ARC = YES;
				CLANG_ENABLE_OBJC_WEAK = YES;
				CLANG_WARN_BLOCK_CAPTURE_AUTORELEASING = YES;
				CLANG_WARN_BOOL_CONVERSION = YES;
				CLANG_WARN_COMMA = YES;
				CLANG_WARN_CONSTANT_CONVERSION = YES;
				CLANG_WARN_DEPRECATED_OBJC_IMPLEMENTATIONS = YES;
				CLANG_WARN_DIRECT_OBJC_ISA_USAGE = YES_ERROR;
				CLANG_WARN_DOCUMENTATION_COMMENTS = YES;
				CLANG_WARN_EMPTY_BODY = YES;
				CLANG_WARN_ENUM_CONVERSION = YES;
				CLANG_WARN_INFINITE_RECURSION = YES;
				CLANG_WARN_INT_CONVERSION = YES;
				CLANG_WARN_NON_LITERAL_NULL_CONVERSION = YES;
				CLANG_WARN_OBJC_IMPLICIT_RETAIN_SELF = YES;
				CLANG_WARN_OBJC_LITERAL_CONVERSION = YES;
				CLANG_WARN_OBJC_ROOT_CLASS = YES_ERROR;
				CLANG_WARN_QUOTED_INCLUDE_IN_FRAMEWORK_HEADER = YES;
				CLANG_WARN_RANGE_LOOP_ANALYSIS = YES;
				CLANG_WARN_STRICT_PROTOTYPES = YES;
				CLANG_WARN_SUSPICIOUS_MOVE = YES;
				CLANG_WARN_UNGUARDED_AVAILABILITY = YES_AGGRESSIVE;
				CLANG_WARN_UNREACHABLE_CODE = YES;
				CLANG_WARN__DUPLICATE_METHOD_MATCH = YES;
				COPY_PHASE_STRIP = NO;
				DEAD_CODE_STRIPPING = YES;
				DEBUG_INFORMATION_FORMAT = "dwarf-with-dsym";
				ENABLE_NS_ASSERTIONS = NO;
				ENABLE_STRICT_OBJC_MSGSEND = YES;
				GCC_C_LANGUAGE_STANDARD = gnu11;
				GCC_NO_COMMON_BLOCKS = YES;
				GCC_WARN_64_TO_32_BIT_CONVERSION = YES;
				GCC_WARN_ABOUT_RETURN_TYPE = YES_ERROR;
				GCC_WARN_UNDECLARED_SELECTOR = YES;
				GCC_WARN_UNINITIALIZED_AUTOS = YES_AGGRESSIVE;
				GCC_WARN_UNUSED_FUNCTION = YES;
				GCC_WARN_UNUSED_VARIABLE = YES;
				MACOSX_DEPLOYMENT_TARGET = 11.1;
				MTL_ENABLE_DEBUG_INFO = NO;
				MTL_FAST_MATH = YES;
				SDKROOT = macosx;
			};
			name = Release;
		};
		A972156D25D1322500A207F8 /* Debug */ = {
			isa = XCBuildConfiguration;
			buildSettings = {
				CODE_SIGN_IDENTITY = "-";
				"CODE_SIGN_IDENTITY[sdk=macosx*]" = "Developer ID Application";
				CODE_SIGN_STYLE = Manual;
				DEAD_CODE_STRIPPING = YES;
				DEVELOPMENT_TEAM = 3ZH6236ET5;
				ENABLE_HARDENED_RUNTIME = YES;
				HEADER_SEARCH_PATHS = "\"$(SRCROOT)/../SSL/include\"";
				LIBRARY_SEARCH_PATHS = "\"$(SRCROOT)/../SSL/macos_fat\"";
				MACOSX_DEPLOYMENT_TARGET = 12.3;
				OTHER_CODE_SIGN_FLAGS = "--timestamp";
				PRODUCT_BUNDLE_IDENTIFIER = "io.sqlitecloud.sqlitecloud-cli-c";
				PRODUCT_NAME = "$(TARGET_NAME)";
				PROVISIONING_PROFILE_SPECIFIER = "";
			};
			name = Debug;
		};
		A972156E25D1322500A207F8 /* Release */ = {
			isa = XCBuildConfiguration;
			buildSettings = {
				CODE_SIGN_IDENTITY = "-";
				"CODE_SIGN_IDENTITY[sdk=macosx*]" = "Developer ID Application";
				CODE_SIGN_STYLE = Manual;
				DEAD_CODE_STRIPPING = YES;
				DEVELOPMENT_TEAM = 3ZH6236ET5;
				ENABLE_HARDENED_RUNTIME = YES;
				HEADER_SEARCH_PATHS = "\"$(SRCROOT)/../SSL/include\"";
				LIBRARY_SEARCH_PATHS = "\"$(SRCROOT)/../SSL/macos_fat\"";
				MACOSX_DEPLOYMENT_TARGET = 12.3;
				OTHER_CODE_SIGN_FLAGS = "--timestamp";
				PRODUCT_BUNDLE_IDENTIFIER = "io.sqlitecloud.sqlitecloud-cli-c";
				PRODUCT_NAME = "$(TARGET_NAME)";
				PROVISIONING_PROFILE_SPECIFIER = "";
			};
			name = Release;
		};
/* End XCBuildConfiguration section */

/* Begin XCConfigurationList section */
		A972156025D1322500A207F8 /* Build configuration list for PBXProject "sqlitecloud-cli" */ = {
			isa = XCConfigurationList;
			buildConfigurations = (
				A972156A25D1322500A207F8 /* Debug */,
				A972156B25D1322500A207F8 /* Release */,
			);
			defaultConfigurationIsVisible = 0;
			defaultConfigurationName = Release;
		};
		A972156C25D1322500A207F8 /* Build configuration list for PBXNativeTarget "sqlitecloud-cli" */ = {
			isa = XCConfigurationList;
			buildConfigurations = (
				A972156D25D1322500A207F8 /* Debug */,
				A972156E25D1322500A207F8 /* Release */,
			);
			defaultConfigurationIsVisible = 0;
			defaultConfigurationName = Release;
		};
/* End XCConfigurationList section */
	};
	rootObject = A972155D25D1322500A207F8 /* Project object */;
}
