<?xml version="1.0" encoding="UTF-8"?>
<Scheme
   LastUpgradeVersion = "1250"
   version = "1.3">
   <BuildAction
      parallelizeBuildables = "YES"
      buildImplicitDependencies = "YES">
      <BuildActionEntries>
         <BuildActionEntry
            buildForTesting = "YES"
            buildForRunning = "YES"
            buildForProfiling = "YES"
            buildForArchiving = "YES"
            buildForAnalyzing = "YES">
            <BuildableReference
               BuildableIdentifier = "primary"
               BlueprintIdentifier = "A972156425D1322500A207F8"
               BuildableName = "sqlitecloud-cli"
               BlueprintName = "sqlitecloud-cli"
               ReferencedContainer = "container:sqlitecloud-cli.xcodeproj">
            </BuildableReference>
         </BuildActionEntry>
      </BuildActionEntries>
   </BuildAction>
   <TestAction
      buildConfiguration = "Debug"
      selectedDebuggerIdentifier = "Xcode.DebuggerFoundation.Debugger.LLDB"
      selectedLauncherIdentifier = "Xcode.DebuggerFoundation.Launcher.LLDB"
      shouldUseLaunchSchemeArgsEnv = "YES">
      <Testables>
      </Testables>
   </TestAction>
   <LaunchAction
      buildConfiguration = "Debug"
      selectedDebuggerIdentifier = "Xcode.DebuggerFoundation.Debugger.LLDB"
      selectedLauncherIdentifier = "Xcode.DebuggerFoundation.Launcher.LLDB"
      launchStyle = "0"
      useCustomWorkingDirectory = "NO"
      ignoresPersistentStateOnLaunch = "NO"
      debugDocumentVersioning = "YES"
      debugServiceExtension = "internal"
      allowLocationSimulation = "YES">
      <BuildableProductRunnable
         runnableDebuggingMode = "0">
         <BuildableReference
            BuildableIdentifier = "primary"
            BlueprintIdentifier = "A972156425D1322500A207F8"
            BuildableName = "sqlitecloud-cli"
            BlueprintName = "sqlitecloud-cli"
            ReferencedContainer = "container:sqlitecloud-cli.xcodeproj">
         </BuildableReference>
      </BuildableProductRunnable>
      <CommandLineArguments>
         <CommandLineArgument
            argument = "-h dev1.sqlitecloud.io -i"
            isEnabled = "NO">
         </CommandLineArgument>
         <CommandLineArgument
            argument = "-r /Users/marco/SQLiteCloud/sdk/SSL/CA.pem "
            isEnabled = "NO">
         </CommandLineArgument>
         <CommandLineArgument
            argument = "-h dev1.sqlitecloud.io -p 9860 -r /Users/marco/SQLiteCloud/sdk/SSL/ca.pem"
            isEnabled = "NO">
         </CommandLineArgument>
         <CommandLineArgument
            argument = "-i"
            isEnabled = "NO">
         </CommandLineArgument>
         <CommandLineArgument
            argument = "-r /Users/marco/SQLiteCloud/sdk/SSL/ca.pem"
            isEnabled = "YES">
         </CommandLineArgument>
      </CommandLineArguments>
      <EnvironmentVariables>
         <EnvironmentVariable
            key = "TERM"
            value = "dumb"
            isEnabled = "YES">
         </EnvironmentVariable>
      </EnvironmentVariables>
   </LaunchAction>
   <ProfileAction
      buildConfiguration = "Release"
      shouldUseLaunchSchemeArgsEnv = "YES"
      savedToolIdentifier = ""
      useCustomWorkingDirectory = "NO"
      debugDocumentVersioning = "YES">
      <BuildableProductRunnable
         runnableDebuggingMode = "0">
         <BuildableReference
            BuildableIdentifier = "primary"
            BlueprintIdentifier = "A972156425D1322500A207F8"
            BuildableName = "sqlitecloud-cli"
            BlueprintName = "sqlitecloud-cli"
            ReferencedContainer = "container:sqlitecloud-cli.xcodeproj">
         </BuildableReference>
      </BuildableProductRunnable>
   </ProfileAction>
   <AnalyzeAction
      buildConfiguration = "Debug">
   </AnalyzeAction>
   <ArchiveAction
      buildConfiguration = "Release"
      revealArchiveInOrganizer = "YES">
   </ArchiveAction>
</Scheme>
